
Microsoft Visual Studio Solution File, Format Version 11.00
# Visual Studio 2010
Project("{FAE04EC0-301F-11D3-BF4B-00C04F79EFBC}") = "Assembly-CSharp", "Assembly-CSharp.csproj", "{FEEB624B-A148-8101-369F-280F27E7F4D7}"
EndProject
Project("{FAE04EC0-301F-11D3-BF4B-00C04F79EFBC}") = "Assembly-CSharp-Editor", "Assembly-CSharp-Editor.csproj", "{645B5C30-975E-F29D-5DDA-F54B7F4BAF46}"
EndProject
Global
	GlobalSection(SolutionConfigurationPlatforms) = preSolution
		Debug|Any CPU = Debug|Any CPU
		Release|Any CPU = Release|Any CPU
	EndGlobalSection
	GlobalSection(ProjectConfigurationPlatforms) = postSolution
		{FEEB624B-A148-8101-369F-280F27E7F4D7}.Debug|Any CPU.ActiveCfg = Debug|Any CPU
		{FEEB624B-A148-8101-369F-280F27E7F4D7}.Debug|Any CPU.Build.0 = Debug|Any CPU
		{FEEB624B-A148-8101-369F-280F27E7F4D7}.Release|Any CPU.ActiveCfg = Release|Any CPU
		{FEEB624B-A148-8101-369F-280F27E7F4D7}.Release|Any CPU.Build.0 = Release|Any CPU
		{645B5C30-975E-F29D-5DDA-F54B7F4BAF46}.Debug|Any CPU.ActiveCfg = Debug|Any CPU
		{645B5C30-975E-F29D-5DDA-F54B7F4BAF46}.Debug|Any CPU.Build.0 = Debug|Any CPU
		{645B5C30-975E-F29D-5DDA-F54B7F4BAF46}.Release|Any CPU.ActiveCfg = Release|Any CPU
		{645B5C30-975E-F29D-5DDA-F54B7F4BAF46}.Release|Any CPU.Build.0 = Release|Any CPU
	EndGlobalSection
	GlobalSection(SolutionProperties) = preSolution
		HideSolutionNode = FALSE
	EndGlobalSection
EndGlobal
